
Microsoft Visual Studio Solution File, Format Version 12.00
# Visual Studio Version 17
VisualStudioVersion = 17.5.002.0
MinimumVisualStudioVersion = 10.0.40219.1
Project("{2150E333-8FDC-42A3-9474-1A3956D46DE8}") = "CSharp", "CSharp", "{46727858-854A-43F8-A4E3-46E21DE09A51}"
EndProject
Project("{9A19103F-16F7-4668-BE54-9A1E7A4F7556}") = "P1", "CSharp\P1\P1.csproj", "{133341EF-4952-4B75-A61E-10C364063B93}"
EndProject
Project("{9A19103F-16F7-4668-BE54-9A1E7A4F7556}") = "WhereMyBus", "CSharp\WhereMyBus\WhereMyBus.csproj", "{1CA8E6E1-6C04-4363-9B51-4FF0279D60F3}"
EndProject
Global
	GlobalSection(SolutionConfigurationPlatforms) = preSolution
		Debug|Any CPU = Debug|Any CPU
		Release|Any CPU = Release|Any CPU
	EndGlobalSection
	GlobalSection(ProjectConfigurationPlatforms) = postSolution
		{133341EF-4952-4B75-A61E-10C364063B93}.Debug|Any CPU.ActiveCfg = Debug|Any CPU
		{133341EF-4952-4B75-A61E-10C364063B93}.Debug|Any CPU.Build.0 = Debug|Any CPU
		{133341EF-4952-4B75-A61E-10C364063B93}.Release|Any CPU.ActiveCfg = Release|Any CPU
		{133341EF-4952-4B75-A61E-10C364063B93}.Release|Any CPU.Build.0 = Release|Any CPU
		{1CA8E6E1-6C04-4363-9B51-4FF0279D60F3}.Debug|Any CPU.ActiveCfg = Debug|Any CPU
		{1CA8E6E1-6C04-4363-9B51-4FF0279D60F3}.Debug|Any CPU.Build.0 = Debug|Any CPU
		{1CA8E6E1-6C04-4363-9B51-4FF0279D60F3}.Release|Any CPU.ActiveCfg = Release|Any CPU
		{1CA8E6E1-6C04-4363-9B51-4FF0279D60F3}.Release|Any CPU.Build.0 = Release|Any CPU
	EndGlobalSection
	GlobalSection(SolutionProperties) = preSolution
		HideSolutionNode = FALSE
	EndGlobalSection
	GlobalSection(NestedProjects) = preSolution
		{133341EF-4952-4B75-A61E-10C364063B93} = {46727858-854A-43F8-A4E3-46E21DE09A51}
		{1CA8E6E1-6C04-4363-9B51-4FF0279D60F3} = {46727858-854A-43F8-A4E3-46E21DE09A51}
	EndGlobalSection
	GlobalSection(ExtensibilityGlobals) = postSolution
		SolutionGuid = {3CE91330-E1DA-4B46-9E86-090612264A6D}
	EndGlobalSection
EndGlobal
